// !$*UTF8*$!
{
	archiveVersion = 1;
	classes = {
	};
	objectVersion = 46;
	objects = {

/* Begin PBXBuildFile section */
		76296FB91A84E8850062966F /* ConfigureSheet.nib in Resources */ = {isa = PBXBuildFile; fileRef = 76296FB81A84E8850062966F /* ConfigureSheet.nib */; };
		76867F891A84BBE500947F02 /* LXKIcoonView.h in Headers */ = {isa = PBXBuildFile; fileRef = 76867F881A84BBE500947F02 /* LXKIcoonView.h */; };
		76867F8B1A84BBE500947F02 /* LXKIcoonView.m in Sources */ = {isa = PBXBuildFile; fileRef = 76867F8A1A84BBE500947F02 /* LXKIcoonView.m */; };
		C0AA41621A864028004F60ED /* LXKPreviewRenderer.m in Sources */ = {isa = PBXBuildFile; fileRef = C0AA41601A864028004F60ED /* LXKPreviewRenderer.m */; };
		C0AA41631A864028004F60ED /* LXKPreviewRenderer.h in Headers */ = {isa = PBXBuildFile; fileRef = C0AA41611A864028004F60ED /* LXKPreviewRenderer.h */; };
		C0AA41651A8643E9004F60ED /* LXKRenderer.m in Sources */ = {isa = PBXBuildFile; fileRef = C0AA41641A8643E9004F60ED /* LXKRenderer.m */; };
		C0AA41671A864581004F60ED /* LXKRenderer.h in Headers */ = {isa = PBXBuildFile; fileRef = C0AA41661A864581004F60ED /* LXKRenderer.h */; };
/* End PBXBuildFile section */

/* Begin PBXFileReference section */
		76296FB81A84E8850062966F /* ConfigureSheet.nib */ = {isa = PBXFileReference; lastKnownFileType = wrapper.nib; path = ConfigureSheet.nib; sourceTree = "<group>"; };
		7630DCF31A850D5400AFA119 /* LXKRendererProtocol.h */ = {isa = PBXFileReference; lastKnownFileType = sourcecode.c.h; path = LXKRendererProtocol.h; sourceTree = "<group>"; };
		76867F831A84BBE400947F02 /* icoon.saver */ = {isa = PBXFileReference; explicitFileType = wrapper.cfbundle; includeInIndex = 0; path = icoon.saver; sourceTree = BUILT_PRODUCTS_DIR; };
		76867F871A84BBE400947F02 /* Info.plist */ = {isa = PBXFileReference; lastKnownFileType = text.plist.xml; path = Info.plist; sourceTree = "<group>"; };
		76867F881A84BBE500947F02 /* LXKIcoonView.h */ = {isa = PBXFileReference; lastKnownFileType = sourcecode.c.h; path = LXKIcoonView.h; sourceTree = "<group>"; };
		76867F8A1A84BBE500947F02 /* LXKIcoonView.m */ = {isa = PBXFileReference; lastKnownFileType = sourcecode.c.objc; path = LXKIcoonView.m; sourceTree = "<group>"; };
		C0AA41601A864028004F60ED /* LXKPreviewRenderer.m */ = {isa = PBXFileReference; fileEncoding = 4; lastKnownFileType = sourcecode.c.objc; path = LXKPreviewRenderer.m; sourceTree = "<group>"; };
		C0AA41611A864028004F60ED /* LXKPreviewRenderer.h */ = {isa = PBXFileReference; fileEncoding = 4; lastKnownFileType = sourcecode.c.h; path = LXKPreviewRenderer.h; sourceTree = "<group>"; };
		C0AA41641A8643E9004F60ED /* LXKRenderer.m */ = {isa = PBXFileReference; fileEncoding = 4; lastKnownFileType = sourcecode.c.objc; path = LXKRenderer.m; sourceTree = "<group>"; };
		C0AA41661A864581004F60ED /* LXKRenderer.h */ = {isa = PBXFileReference; fileEncoding = 4; lastKnownFileType = sourcecode.c.h; path = LXKRenderer.h; sourceTree = "<group>"; };
/* End PBXFileReference section */

/* Begin PBXFrameworksBuildPhase section */
		76867F7F1A84BBE400947F02 /* Frameworks */ = {
			isa = PBXFrameworksBuildPhase;
			buildActionMask = 2147483647;
			files = (
			);
			runOnlyForDeploymentPostprocessing = 0;
		};
/* End PBXFrameworksBuildPhase section */

/* Begin PBXGroup section */
		76867F791A84BBE400947F02 = {
			isa = PBXGroup;
			children = (
				76867F851A84BBE400947F02 /* icoon */,
				76867F841A84BBE400947F02 /* Products */,
			);
			sourceTree = "<group>";
		};
		76867F841A84BBE400947F02 /* Products */ = {
			isa = PBXGroup;
			children = (
				76867F831A84BBE400947F02 /* icoon.saver */,
			);
			name = Products;
			sourceTree = "<group>";
		};
		76867F851A84BBE400947F02 /* icoon */ = {
			isa = PBXGroup;
			children = (
				76867F881A84BBE500947F02 /* LXKIcoonView.h */,
				76867F8A1A84BBE500947F02 /* LXKIcoonView.m */,
				7630DCF31A850D5400AFA119 /* LXKRendererProtocol.h */,
				C0AA41611A864028004F60ED /* LXKPreviewRenderer.h */,
				C0AA41601A864028004F60ED /* LXKPreviewRenderer.m */,
				C0AA41661A864581004F60ED /* LXKRenderer.h */,
				C0AA41641A8643E9004F60ED /* LXKRenderer.m */,
				76296FB81A84E8850062966F /* ConfigureSheet.nib */,
				76867F861A84BBE400947F02 /* Supporting Files */,
			);
			path = icoon;
			sourceTree = "<group>";
		};
		76867F861A84BBE400947F02 /* Supporting Files */ = {
			isa = PBXGroup;
			children = (
				76867F871A84BBE400947F02 /* Info.plist */,
			);
			name = "Supporting Files";
			sourceTree = "<group>";
		};
/* End PBXGroup section */

/* Begin PBXHeadersBuildPhase section */
		76867F801A84BBE400947F02 /* Headers */ = {
			isa = PBXHeadersBuildPhase;
			buildActionMask = 2147483647;
			files = (
				C0AA41631A864028004F60ED /* LXKPreviewRenderer.h in Headers */,
				76867F891A84BBE500947F02 /* LXKIcoonView.h in Headers */,
				C0AA41671A864581004F60ED /* LXKRenderer.h in Headers */,
			);
			runOnlyForDeploymentPostprocessing = 0;
		};
/* End PBXHeadersBuildPhase section */

/* Begin PBXNativeTarget section */
		76867F821A84BBE400947F02 /* icoon */ = {
			isa = PBXNativeTarget;
			buildConfigurationList = 76867F8E1A84BBE500947F02 /* Build configuration list for PBXNativeTarget "icoon" */;
			buildPhases = (
				76867F7E1A84BBE400947F02 /* Sources */,
				76867F7F1A84BBE400947F02 /* Frameworks */,
				76867F801A84BBE400947F02 /* Headers */,
				76867F811A84BBE400947F02 /* Resources */,
			);
			buildRules = (
			);
			dependencies = (
			);
			name = icoon;
			productName = icoon;
			productReference = 76867F831A84BBE400947F02 /* icoon.saver */;
			productType = "com.apple.product-type.bundle";
		};
/* End PBXNativeTarget section */

/* Begin PBXProject section */
		76867F7A1A84BBE400947F02 /* Project object */ = {
			isa = PBXProject;
			attributes = {
				LastUpgradeCheck = 0610;
				ORGANIZATIONNAME = "Oleg Kertanov";
				TargetAttributes = {
					76867F821A84BBE400947F02 = {
						CreatedOnToolsVersion = 6.1.1;
					};
				};
			};
			buildConfigurationList = 76867F7D1A84BBE400947F02 /* Build configuration list for PBXProject "icoon" */;
			compatibilityVersion = "Xcode 3.2";
			developmentRegion = English;
			hasScannedForEncodings = 0;
			knownRegions = (
				en,
			);
			mainGroup = 76867F791A84BBE400947F02;
			productRefGroup = 76867F841A84BBE400947F02 /* Products */;
			projectDirPath = "";
			projectRoot = "";
			targets = (
				76867F821A84BBE400947F02 /* icoon */,
			);
		};
/* End PBXProject section */

/* Begin PBXResourcesBuildPhase section */
		76867F811A84BBE400947F02 /* Resources */ = {
			isa = PBXResourcesBuildPhase;
			buildActionMask = 2147483647;
			files = (
				76296FB91A84E8850062966F /* ConfigureSheet.nib in Resources */,
			);
			runOnlyForDeploymentPostprocessing = 0;
		};
/* End PBXResourcesBuildPhase section */

/* Begin PBXSourcesBuildPhase section */
		76867F7E1A84BBE400947F02 /* Sources */ = {
			isa = PBXSourcesBuildPhase;
			buildActionMask = 2147483647;
			files = (
				76867F8B1A84BBE500947F02 /* LXKIcoonView.m in Sources */,
				C0AA41621A864028004F60ED /* LXKPreviewRenderer.m in Sources */,
				C0AA41651A8643E9004F60ED /* LXKRenderer.m in Sources */,
			);
			runOnlyForDeploymentPostprocessing = 0;
		};
/* End PBXSourcesBuildPhase section */

/* Begin XCBuildConfiguration section */
		76867F8C1A84BBE500947F02 /* Debug */ = {
			isa = XCBuildConfiguration;
			buildSettings = {
				ALWAYS_SEARCH_USER_PATHS = NO;
				CLANG_CXX_LANGUAGE_STANDARD = "gnu++0x";
				CLANG_CXX_LIBRARY = "libc++";
				CLANG_ENABLE_MODULES = YES;
				CLANG_ENABLE_OBJC_ARC = YES;
				CLANG_WARN_BOOL_CONVERSION = YES;
				CLANG_WARN_CONSTANT_CONVERSION = YES;
				CLANG_WARN_DIRECT_OBJC_ISA_USAGE = YES_ERROR;
				CLANG_WARN_EMPTY_BODY = YES;
				CLANG_WARN_ENUM_CONVERSION = YES;
				CLANG_WARN_INT_CONVERSION = YES;
				CLANG_WARN_OBJC_ROOT_CLASS = YES_ERROR;
				CLANG_WARN_UNREACHABLE_CODE = YES;
				CLANG_WARN__DUPLICATE_METHOD_MATCH = YES;
				COPY_PHASE_STRIP = NO;
				ENABLE_STRICT_OBJC_MSGSEND = YES;
				GCC_C_LANGUAGE_STANDARD = gnu99;
				GCC_DYNAMIC_NO_PIC = NO;
				GCC_OPTIMIZATION_LEVEL = 0;
				GCC_PREPROCESSOR_DEFINITIONS = (
					"DEBUG=1",
					"$(inherited)",
				);
				GCC_SYMBOLS_PRIVATE_EXTERN = NO;
				GCC_WARN_64_TO_32_BIT_CONVERSION = YES;
				GCC_WARN_ABOUT_RETURN_TYPE = YES_ERROR;
				GCC_WARN_UNDECLARED_SELECTOR = YES;
				GCC_WARN_UNINITIALIZED_AUTOS = YES_AGGRESSIVE;
				GCC_WARN_UNUSED_FUNCTION = YES;
				GCC_WARN_UNUSED_VARIABLE = YES;
				MACOSX_DEPLOYMENT_TARGET = 10.9;
				MTL_ENABLE_DEBUG_INFO = YES;
				ONLY_ACTIVE_ARCH = YES;
				SDKROOT = macosx;
			};
			name = Debug;
		};
		76867F8D1A84BBE500947F02 /* Release */ = {
			isa = XCBuildConfiguration;
			buildSettings = {
				ALWAYS_SEARCH_USER_PATHS = NO;
				CLANG_CXX_LANGUAGE_STANDARD = "gnu++0x";
				CLANG_CXX_LIBRARY = "libc++";
				CLANG_ENABLE_MODULES = YES;
				CLANG_ENABLE_OBJC_ARC = YES;
				CLANG_WARN_BOOL_CONVERSION = YES;
				CLANG_WARN_CONSTANT_CONVERSION = YES;
				CLANG_WARN_DIRECT_OBJC_ISA_USAGE = YES_ERROR;
				CLANG_WARN_EMPTY_BODY = YES;
				CLANG_WARN_ENUM_CONVERSION = YES;
				CLANG_WARN_INT_CONVERSION = YES;
				CLANG_WARN_OBJC_ROOT_CLASS = YES_ERROR;
				CLANG_WARN_UNREACHABLE_CODE = YES;
				CLANG_WARN__DUPLICATE_METHOD_MATCH = YES;
				COPY_PHASE_STRIP = YES;
				DEBUG_INFORMATION_FORMAT = "dwarf-with-dsym";
				ENABLE_NS_ASSERTIONS = NO;
				ENABLE_STRICT_OBJC_MSGSEND = YES;
				GCC_C_LANGUAGE_STANDARD = gnu99;
				GCC_WARN_64_TO_32_BIT_CONVERSION = YES;
				GCC_WARN_ABOUT_RETURN_TYPE = YES_ERROR;
				GCC_WARN_UNDECLARED_SELECTOR = YES;
				GCC_WARN_UNINITIALIZED_AUTOS = YES_AGGRESSIVE;
				GCC_WARN_UNUSED_FUNCTION = YES;
				GCC_WARN_UNUSED_VARIABLE = YES;
				MACOSX_DEPLOYMENT_TARGET = 10.9;
				MTL_ENABLE_DEBUG_INFO = NO;
				SDKROOT = macosx;
			};
			name = Release;
		};
		76867F8F1A84BBE500947F02 /* Debug */ = {
			isa = XCBuildConfiguration;
			buildSettings = {
				COMBINE_HIDPI_IMAGES = YES;
				INFOPLIST_FILE = icoon/Info.plist;
				INSTALL_PATH = "$(HOME)/Library/Screen Savers";
				PRODUCT_NAME = "$(TARGET_NAME)";
				WRAPPER_EXTENSION = saver;
			};
			name = Debug;
		};
		76867F901A84BBE500947F02 /* Release */ = {
			isa = XCBuildConfiguration;
			buildSettings = {
				COMBINE_HIDPI_IMAGES = YES;
				INFOPLIST_FILE = icoon/Info.plist;
				INSTALL_PATH = "$(HOME)/Library/Screen Savers";
				PRODUCT_NAME = "$(TARGET_NAME)";
				WRAPPER_EXTENSION = saver;
			};
			name = Release;
		};
/* End XCBuildConfiguration section */

/* Begin XCConfigurationList section */
		76867F7D1A84BBE400947F02 /* Build configuration list for PBXProject "icoon" */ = {
			isa = XCConfigurationList;
			buildConfigurations = (
				76867F8C1A84BBE500947F02 /* Debug */,
				76867F8D1A84BBE500947F02 /* Release */,
			);
			defaultConfigurationIsVisible = 0;
			defaultConfigurationName = Release;
		};
		76867F8E1A84BBE500947F02 /* Build configuration list for PBXNativeTarget "icoon" */ = {
			isa = XCConfigurationList;
			buildConfigurations = (
				76867F8F1A84BBE500947F02 /* Debug */,
				76867F901A84BBE500947F02 /* Release */,
			);
			defaultConfigurationIsVisible = 0;
			defaultConfigurationName = Release;
		};
/* End XCConfigurationList section */
	};
	rootObject = 76867F7A1A84BBE400947F02 /* Project object */;
}
